{
  "dependencies": {
    "dragula": {
      "version": "3.5.4",
      "dependencies": {
        "contra": {
          "version": "1.9.1",
          "dependencies": {
            "atoa": {
              "version": "1.0.0"
            },
            "ticky": {
              "version": "1.0.0"
            }
          }
        },
        "crossvent": {
          "version": "1.5.4",
          "dependencies": {
            "custom-event": {
              "version": "1.0.0"
            }
          }
        }
      }
    }
  }
}
